
Microsoft Visual Studio Solution File, Format Version 12.00
Project("{FAE04EC0-301F-11D3-BF4B-00C04F79EFBC}") = "PoliHack", "PoliHack.csproj", "{665514C6-5867-4BC9-A961-A8F916C8B010}"
EndProject
Global
	GlobalSection(SolutionConfigurationPlatforms) = preSolution
		Debug|Any CPU = Debug|Any CPU
		Release|Any CPU = Release|Any CPU
	EndGlobalSection
	GlobalSection(ProjectConfigurationPlatforms) = postSolution
		{665514C6-5867-4BC9-A961-A8F916C8B010}.Debug|Any CPU.ActiveCfg = Debug|Any CPU
		{665514C6-5867-4BC9-A961-A8F916C8B010}.Debug|Any CPU.Build.0 = Debug|Any CPU
		{665514C6-5867-4BC9-A961-A8F916C8B010}.Release|Any CPU.ActiveCfg = Release|Any CPU
		{665514C6-5867-4BC9-A961-A8F916C8B010}.Release|Any CPU.Build.0 = Release|Any CPU
	EndGlobalSection
EndGlobal
